
Microsoft Visual Studio Solution File, Format Version 12.00
# Visual Studio 15
VisualStudioVersion = 15.0.28307.1913
MinimumVisualStudioVersion = 10.0.40219.1
Project("{FAE04EC0-301F-11D3-BF4B-00C04F79EFBC}") = "soft", "soft\soft.csproj", "{F818A7A0-CCBD-4E26-BCF6-86D42ED2AB75}"
EndProject
Global
	GlobalSection(SolutionConfigurationPlatforms) = preSolution
		Debug|Any CPU = Debug|Any CPU
		Release|Any CPU = Release|Any CPU
	EndGlobalSection
	GlobalSection(ProjectConfigurationPlatforms) = postSolution
		{F818A7A0-CCBD-4E26-BCF6-86D42ED2AB75}.Debug|Any CPU.ActiveCfg = Debug|Any CPU
		{F818A7A0-CCBD-4E26-BCF6-86D42ED2AB75}.Debug|Any CPU.Build.0 = Debug|Any CPU
		{F818A7A0-CCBD-4E26-BCF6-86D42ED2AB75}.Release|Any CPU.ActiveCfg = Release|Any CPU
		{F818A7A0-CCBD-4E26-BCF6-86D42ED2AB75}.Release|Any CPU.Build.0 = Release|Any CPU
	EndGlobalSection
	GlobalSection(SolutionProperties) = preSolution
		HideSolutionNode = FALSE
	EndGlobalSection
	GlobalSection(ExtensibilityGlobals) = postSolution
		SolutionGuid = {6177E681-C93C-4E0C-A138-4F0235AEF8E1}
	EndGlobalSection
EndGlobal
